<?xml version="1.0" encoding="utf-8"?>
<Project ToolsVersion="4.0" xmlns="http://schemas.microsoft.com/developer/msbuild/2003">
  <ItemGroup>
    <Filter Include="Source Files">
      <UniqueIdentifier>{4FC737F1-C7A5-4376-A066-2A32D752A2FF}</UniqueIdentifier>
      <Extensions>cpp;c;cc;cxx;c++;cppm;ixx;def;odl;idl;hpj;bat;asm;asmx</Extensions>
    </Filter>
    <Filter Include="Header Files">
      <UniqueIdentifier>{93995380-89BD-4b04-88EB-625FBE52EBFB}</UniqueIdentifier>
      <Extensions>h;hh;hpp;hxx;h++;hm;inl;inc;ipp;xsd</Extensions>
    </Filter>
    <Filter Include="Resource Files">
      <UniqueIdentifier>{67DA6AB6-F800-4c08-8B7A-83BB121AAD01}</UniqueIdentifier>
      <Extensions>rc;ico;cur;bmp;dlg;rc2;rct;bin;rgs;gif;jpg;jpeg;jpe;resx;tiff;tif;png;wav;mfcribbon-ms</Extensions>
    </Filter>
  </ItemGroup>
  <ItemGroup>
    <ClCompile Include="Halo2HD.cpp">
      <Filter>Source Files</Filter>
    </ClCompile>
    <ClCompile Include="Xbox\Xbox.cpp">
      <Filter>Source Files</Filter>
    </ClCompile>
    <ClCompile Include="Config\Config.cpp">
      <Filter>Source Files</Filter>
    </ClCompile>
    <ClCompile Include="Blam\Utilities\Utilities.cpp">
      <Filter>Source Files</Filter>
    </ClCompile>
  </ItemGroup>
  <ItemGroup>
    <ClInclude Include="Xbox\Xbox.h">
      <Filter>Header Files</Filter>
    </ClInclude>
    <ClInclude Include="Blam\Halo2.h">
      <Filter>Header Files</Filter>
    </ClInclude>
    <ClInclude Include="Halo2HD.h">
      <Filter>Header Files</Filter>
    </ClInclude>
    <ClInclude Include="Config\Config.h">
      <Filter>Header Files</Filter>
    </ClInclude>
    <ClInclude Include="Blam\Utilities\Utilities.h">
      <Filter>Header Files</Filter>
    </ClInclude>
    <ClInclude Include="Blam\camera\first_person_camera.h">
      <Filter>Header Files</Filter>
    </ClInclude>
    <ClInclude Include="Blam\render\render_cameras.h">
      <Filter>Header Files</Filter>
    </ClInclude>
    <ClInclude Include="Blam\rasterizer\xbox\rasterizer_xbox_main.h">
      <Filter>Header Files</Filter>
    </ClInclude>
    <ClInclude Include="Blam\cache\physical_memory_map.h">
      <Filter>Header Files</Filter>
    </ClInclude>
    <ClInclude Include="Blam\DirectX.h">
      <Filter>Header Files</Filter>
    </ClInclude>
    <ClInclude Include="Blam\d3d8types.h">
      <Filter>Header Files</Filter>
    </ClInclude>
    <ClInclude Include="Blam\XGraphics.h">
      <Filter>Header Files</Filter>
    </ClInclude>
    <ClInclude Include="Blam\cache\xbox_geometry_cache.h">
      <Filter>Header Files</Filter>
    </ClInclude>
    <ClInclude Include="Blam\memory\data.h">
      <Filter>Header Files</Filter>
    </ClInclude>
    <ClInclude Include="Blam\memory\lruv_cache.h">
      <Filter>Header Files</Filter>
    </ClInclude>
    <ClInclude Include="Blam\cache\xbox_texture_cache.h">
      <Filter>Header Files</Filter>
    </ClInclude>
    <ClInclude Include="Blam\rasterizer\xbox\rasterizer_xbox_targets.h">
      <Filter>Header Files</Filter>
    </ClInclude>
    <ClInclude Include="Blam\render\renderer.h">
      <Filter>Header Files</Filter>
    </ClInclude>
    <ClInclude Include="Blam\rasterizer\xbox\rasterizer_xbox_fog.h">
      <Filter>Header Files</Filter>
    </ClInclude>
    <ClInclude Include="Blam\cutscene\cinematics.h">
      <Filter>Header Files</Filter>
    </ClInclude>
    <ClInclude Include="Blam\interface\interface.h">
      <Filter>Header Files</Filter>
    </ClInclude>
    <ClInclude Include="Blam\bink\bink_playback.h">
      <Filter>Header Files</Filter>
    </ClInclude>
    <ClInclude Include="Blam\text\draw_string.h">
      <Filter>Header Files</Filter>
    </ClInclude>
    <ClInclude Include="Blam\text\font_group.h">
      <Filter>Header Files</Filter>
    </ClInclude>
    <ClInclude Include="Blam\rasterizer\rasterizer_text.h">
      <Filter>Header Files</Filter>
    </ClInclude>
  </ItemGroup>
  <ItemGroup>
    <None Include="Blam\Halo2_v1.0_Symbols.cfg">
      <Filter>Header Files</Filter>
    </None>
    <None Include="Blam\Halo2_v1.5_Symbols.cfg" />
  </ItemGroup>
  <ItemGroup>
    <MASM Include="Blam\Utilities\UtilitiesAsm.asm">
      <Filter>Source Files</Filter>
    </MASM>
  </ItemGroup>
</Project>